
Microsoft Visual Studio Solution File, Format Version 12.00
# Visual Studio 14
VisualStudioVersion = 14.0.24720.0
MinimumVisualStudioVersion = 10.0.40219.1
Project("{FAE04EC0-301F-11D3-BF4B-00C04F79EFBC}") = "Win2d_grid_points", "Win2d_grid_points\Win2d_grid_points.csproj", "{BB9FE110-27C7-48FB-A8A3-905A826DBF2D}"
EndProject
Global
	GlobalSection(SolutionConfigurationPlatforms) = preSolution
		Debug|ARM = Debug|ARM
		Debug|x64 = Debug|x64
		Debug|x86 = Debug|x86
		Release|ARM = Release|ARM
		Release|x64 = Release|x64
		Release|x86 = Release|x86
	EndGlobalSection
	GlobalSection(ProjectConfigurationPlatforms) = postSolution
		{BB9FE110-27C7-48FB-A8A3-905A826DBF2D}.Debug|ARM.ActiveCfg = Debug|ARM
		{BB9FE110-27C7-48FB-A8A3-905A826DBF2D}.Debug|ARM.Build.0 = Debug|ARM
		{BB9FE110-27C7-48FB-A8A3-905A826DBF2D}.Debug|ARM.Deploy.0 = Debug|ARM
		{BB9FE110-27C7-48FB-A8A3-905A826DBF2D}.Debug|x64.ActiveCfg = Debug|x64
		{BB9FE110-27C7-48FB-A8A3-905A826DBF2D}.Debug|x64.Build.0 = Debug|x64
		{BB9FE110-27C7-48FB-A8A3-905A826DBF2D}.Debug|x64.Deploy.0 = Debug|x64
		{BB9FE110-27C7-48FB-A8A3-905A826DBF2D}.Debug|x86.ActiveCfg = Debug|x86
		{BB9FE110-27C7-48FB-A8A3-905A826DBF2D}.Debug|x86.Build.0 = Debug|x86
		{BB9FE110-27C7-48FB-A8A3-905A826DBF2D}.Debug|x86.Deploy.0 = Debug|x86
		{BB9FE110-27C7-48FB-A8A3-905A826DBF2D}.Release|ARM.ActiveCfg = Release|ARM
		{BB9FE110-27C7-48FB-A8A3-905A826DBF2D}.Release|ARM.Build.0 = Release|ARM
		{BB9FE110-27C7-48FB-A8A3-905A826DBF2D}.Release|ARM.Deploy.0 = Release|ARM
		{BB9FE110-27C7-48FB-A8A3-905A826DBF2D}.Release|x64.ActiveCfg = Release|x64
		{BB9FE110-27C7-48FB-A8A3-905A826DBF2D}.Release|x64.Build.0 = Release|x64
		{BB9FE110-27C7-48FB-A8A3-905A826DBF2D}.Release|x64.Deploy.0 = Release|x64
		{BB9FE110-27C7-48FB-A8A3-905A826DBF2D}.Release|x86.ActiveCfg = Release|x86
		{BB9FE110-27C7-48FB-A8A3-905A826DBF2D}.Release|x86.Build.0 = Release|x86
		{BB9FE110-27C7-48FB-A8A3-905A826DBF2D}.Release|x86.Deploy.0 = Release|x86
	EndGlobalSection
	GlobalSection(SolutionProperties) = preSolution
		HideSolutionNode = FALSE
	EndGlobalSection
EndGlobal
